// !$*UTF8*$!
{
	archiveVersion = 1;
	classes = {
	};
	objectVersion = 46;
	objects = {

/* Begin PBXBuildFile section */
		18258F541DA37F3E0083D471 /* SSColorfulRefresh.m in Sources */ = {isa = PBXBuildFile; fileRef = 18258F531DA37F3E0083D471 /* SSColorfulRefresh.m */; };
		18258F5B1DA3A6790083D471 /* MeilReportController.m in Sources */ = {isa = PBXBuildFile; fileRef = 18258F561DA3A6790083D471 /* MeilReportController.m */; };
		18258F5C1DA3A6790083D471 /* MileMothController.m in Sources */ = {isa = PBXBuildFile; fileRef = 18258F581DA3A6790083D471 /* MileMothController.m */; };
		18258F5D1DA3A6790083D471 /* MileWeekController.m in Sources */ = {isa = PBXBuildFile; fileRef = 18258F5A1DA3A6790083D471 /* MileWeekController.m */; };
		18258F601DA3A8390083D471 /* CustomIOS7AlertView.m in Sources */ = {isa = PBXBuildFile; fileRef = 18258F5F1DA3A8390083D471 /* CustomIOS7AlertView.m */; };
		18258F631DA522390083D471 /* AlarmViewController.m in Sources */ = {isa = PBXBuildFile; fileRef = 18258F621DA522390083D471 /* AlarmViewController.m */; };
		182D6DDC1D6AD25400CA4BDD /* main.m in Sources */ = {isa = PBXBuildFile; fileRef = 182D6DDB1D6AD25400CA4BDD /* main.m */; };
		182D6DDF1D6AD25400CA4BDD /* MKAppDelegate.m in Sources */ = {isa = PBXBuildFile; fileRef = 182D6DDE1D6AD25400CA4BDD /* MKAppDelegate.m */; };
		182D6DE81D6AD25400CA4BDD /* MKwebCar.xcdatamodeld in Sources */ = {isa = PBXBuildFile; fileRef = 182D6DE61D6AD25400CA4BDD /* MKwebCar.xcdatamodeld */; };
		182D6DEA1D6AD25400CA4BDD /* Assets.xcassets in Resources */ = {isa = PBXBuildFile; fileRef = 182D6DE91D6AD25400CA4BDD /* Assets.xcassets */; };
		182D6DED1D6AD25400CA4BDD /* LaunchScreen.storyboard in Resources */ = {isa = PBXBuildFile; fileRef = 182D6DEB1D6AD25400CA4BDD /* LaunchScreen.storyboard */; };
		182D6DF81D6AD25400CA4BDD /* MKwebCarTests.m in Sources */ = {isa = PBXBuildFile; fileRef = 182D6DF71D6AD25400CA4BDD /* MKwebCarTests.m */; };
		182D6E031D6AD25400CA4BDD /* MKwebCarUITests.m in Sources */ = {isa = PBXBuildFile; fileRef = 182D6E021D6AD25400CA4BDD /* MKwebCarUITests.m */; };
		182D6E271D6EECDC00CA4BDD /* MKwebCar.storyboard in Resources */ = {isa = PBXBuildFile; fileRef = 182D6E251D6EECDC00CA4BDD /* MKwebCar.storyboard */; };
		182D6E2C1D6EED6E00CA4BDD /* MKLeftTableViewCell.m in Sources */ = {isa = PBXBuildFile; fileRef = 182D6E291D6EED6E00CA4BDD /* MKLeftTableViewCell.m */; };
		182D6E2D1D6EED6E00CA4BDD /* MKLeftTableViewController.m in Sources */ = {isa = PBXBuildFile; fileRef = 182D6E2B1D6EED6E00CA4BDD /* MKLeftTableViewController.m */; };
		182F14D81D882F0D00C44B1F /* BaseTreeViewController.m in Sources */ = {isa = PBXBuildFile; fileRef = 182F14D51D882F0D00C44B1F /* BaseTreeViewController.m */; };
		182F14E41D88302800C44B1F /* Info.plist in Resources */ = {isa = PBXBuildFile; fileRef = 182F14DB1D88302800C44B1F /* Info.plist */; };
		182F14E51D88302800C44B1F /* MTreeNode+ExpandNode.m in Sources */ = {isa = PBXBuildFile; fileRef = 182F14DE1D88302800C44B1F /* MTreeNode+ExpandNode.m */; };
		182F14E61D88302800C44B1F /* MTreeNode.m in Sources */ = {isa = PBXBuildFile; fileRef = 182F14E01D88302800C44B1F /* MTreeNode.m */; };
		182F14E71D88302800C44B1F /* MTreeView.m in Sources */ = {isa = PBXBuildFile; fileRef = 182F14E21D88302800C44B1F /* MTreeView.m */; };
		182F14EA1D8A3CCC00C44B1F /* CarInfo.m in Sources */ = {isa = PBXBuildFile; fileRef = 182F14E91D8A3CCC00C44B1F /* CarInfo.m */; };
		182F14F01D8D06B500C44B1F /* Company.m in Sources */ = {isa = PBXBuildFile; fileRef = 182F14EF1D8D06B500C44B1F /* Company.m */; };
		182F14F31D8D070A00C44B1F /* Department.m in Sources */ = {isa = PBXBuildFile; fileRef = 182F14F21D8D070A00C44B1F /* Department.m */; };
		187361BA1DA1FBCF0058FC25 /* TimeLocationViewController.m in Sources */ = {isa = PBXBuildFile; fileRef = 187361B31DA1FBCF0058FC25 /* TimeLocationViewController.m */; };
		187361FB1DA1FDBF0058FC25 /* CoreLocation.framework in Frameworks */ = {isa = PBXBuildFile; fileRef = 187361FA1DA1FDBF0058FC25 /* CoreLocation.framework */; };
		187361FD1DA203EB0058FC25 /* QuartzCore.framework in Frameworks */ = {isa = PBXBuildFile; fileRef = 187361FC1DA203EB0058FC25 /* QuartzCore.framework */; };
		187361FF1DA204010058FC25 /* OpenGLES.framework in Frameworks */ = {isa = PBXBuildFile; fileRef = 187361FE1DA204010058FC25 /* OpenGLES.framework */; };
		187362011DA2040C0058FC25 /* SystemConfiguration.framework in Frameworks */ = {isa = PBXBuildFile; fileRef = 187362001DA2040C0058FC25 /* SystemConfiguration.framework */; };
		187362031DA204170058FC25 /* CoreGraphics.framework in Frameworks */ = {isa = PBXBuildFile; fileRef = 187362021DA204170058FC25 /* CoreGraphics.framework */; };
		187362051DA204220058FC25 /* Security.framework in Frameworks */ = {isa = PBXBuildFile; fileRef = 187362041DA204220058FC25 /* Security.framework */; };
		187362071DA2042D0058FC25 /* libsqlite3.0.tbd in Frameworks */ = {isa = PBXBuildFile; fileRef = 187362061DA2042D0058FC25 /* libsqlite3.0.tbd */; };
		187362091DA204420058FC25 /* CoreTelephony.framework in Frameworks */ = {isa = PBXBuildFile; fileRef = 187362081DA204420058FC25 /* CoreTelephony.framework */; };
		1873620B1DA2044C0058FC25 /* libstdc++.6.0.9.tbd in Frameworks */ = {isa = PBXBuildFile; fileRef = 1873620A1DA2044C0058FC25 /* libstdc++.6.0.9.tbd */; };
		1873620D1DA227E70058FC25 /* mapapi.bundle in Resources */ = {isa = PBXBuildFile; fileRef = 1873620C1DA227E70058FC25 /* mapapi.bundle */; };
		188130A11D74240600100601 /* MKMainViewController.m in Sources */ = {isa = PBXBuildFile; fileRef = 188130A01D74240600100601 /* MKMainViewController.m */; };
		188130A41D7432EF00100601 /* MKCarListController.m in Sources */ = {isa = PBXBuildFile; fileRef = 188130A31D7432EF00100601 /* MKCarListController.m */; };
		188130A71D74347C00100601 /* MKChangePwdController.m in Sources */ = {isa = PBXBuildFile; fileRef = 188130A61D74347C00100601 /* MKChangePwdController.m */; };
		188130AA1D74356800100601 /* MKAboutViewController.m in Sources */ = {isa = PBXBuildFile; fileRef = 188130A91D74356800100601 /* MKAboutViewController.m */; };
		188130AD1D81019800100601 /* DataFormServer.m in Sources */ = {isa = PBXBuildFile; fileRef = 188130AC1D81019800100601 /* DataFormServer.m */; };
		188130B41D810D8900100601 /* Constants.m in Sources */ = {isa = PBXBuildFile; fileRef = 188130B31D810D8900100601 /* Constants.m */; };
		188131571D81476800100601 /* MKLoginViewController.m in Sources */ = {isa = PBXBuildFile; fileRef = 188131521D81476800100601 /* MKLoginViewController.m */; };
		188131581D81476800100601 /* MKButton.m in Sources */ = {isa = PBXBuildFile; fileRef = 188131541D81476800100601 /* MKButton.m */; };
		188131591D81476800100601 /* MKTextField.m in Sources */ = {isa = PBXBuildFile; fileRef = 188131561D81476800100601 /* MKTextField.m */; };
		188204751D91A96400D1D07C /* MKBaseNavigationController.m in Sources */ = {isa = PBXBuildFile; fileRef = 1882046E1D91A96400D1D07C /* MKBaseNavigationController.m */; };
		188204761D91A96400D1D07C /* MKBaseTabBar.m in Sources */ = {isa = PBXBuildFile; fileRef = 188204701D91A96400D1D07C /* MKBaseTabBar.m */; };
		188204771D91A96400D1D07C /* MKBaseTabBarButton.m in Sources */ = {isa = PBXBuildFile; fileRef = 188204721D91A96400D1D07C /* MKBaseTabBarButton.m */; };
		188204781D91A96400D1D07C /* MKBaseTabBarController.m in Sources */ = {isa = PBXBuildFile; fileRef = 188204741D91A96400D1D07C /* MKBaseTabBarController.m */; };
		1882047B1D91A9D000D1D07C /* UIView+Frame.m in Sources */ = {isa = PBXBuildFile; fileRef = 1882047A1D91A9D000D1D07C /* UIView+Frame.m */; };
		1882047E1D91AAB800D1D07C /* UIImage+Extension.m in Sources */ = {isa = PBXBuildFile; fileRef = 1882047D1D91AAB800D1D07C /* UIImage+Extension.m */; };
		189562B71DA8AB3300940E03 /* TrackController.m in Sources */ = {isa = PBXBuildFile; fileRef = 189562B61DA8AB3300940E03 /* TrackController.m */; };
		2C7FD89EFB0EEF9B2FC66165 /* libPods.a in Frameworks */ = {isa = PBXBuildFile; fileRef = 3A8572B8E142E4B7CF2B48B8 /* libPods.a */; };
/* End PBXBuildFile section */

/* Begin PBXContainerItemProxy section */
		182D6DF41D6AD25400CA4BDD /* PBXContainerItemProxy */ = {
			isa = PBXContainerItemProxy;
			containerPortal = 182D6DCF1D6AD25400CA4BDD /* Project object */;
			proxyType = 1;
			remoteGlobalIDString = 182D6DD61D6AD25400CA4BDD;
			remoteInfo = MKwebCar;
		};
		182D6DFF1D6AD25400CA4BDD /* PBXContainerItemProxy */ = {
			isa = PBXContainerItemProxy;
			containerPortal = 182D6DCF1D6AD25400CA4BDD /* Project object */;
			proxyType = 1;
			remoteGlobalIDString = 182D6DD61D6AD25400CA4BDD;
			remoteInfo = MKwebCar;
		};
/* End PBXContainerItemProxy section */

/* Begin PBXFileReference section */
		18258F521DA37F3E0083D471 /* SSColorfulRefresh.h */ = {isa = PBXFileReference; fileEncoding = 4; lastKnownFileType = sourcecode.c.h; name = SSColorfulRefresh.h; path = SSColorfulRefresh/SSColorfulRefresh.h; sourceTree = "<group>"; };
		18258F531DA37F3E0083D471 /* SSColorfulRefresh.m */ = {isa = PBXFileReference; fileEncoding = 4; lastKnownFileType = sourcecode.c.objc; name = SSColorfulRefresh.m; path = SSColorfulRefresh/SSColorfulRefresh.m; sourceTree = "<group>"; };
		18258F551DA3A6790083D471 /* MeilReportController.h */ = {isa = PBXFileReference; fileEncoding = 4; lastKnownFileType = sourcecode.c.h; path = MeilReportController.h; sourceTree = "<group>"; };
		18258F561DA3A6790083D471 /* MeilReportController.m */ = {isa = PBXFileReference; fileEncoding = 4; lastKnownFileType = sourcecode.c.objc; path = MeilReportController.m; sourceTree = "<group>"; };
		18258F571DA3A6790083D471 /* MileMothController.h */ = {isa = PBXFileReference; fileEncoding = 4; lastKnownFileType = sourcecode.c.h; path = MileMothController.h; sourceTree = "<group>"; };
		18258F581DA3A6790083D471 /* MileMothController.m */ = {isa = PBXFileReference; fileEncoding = 4; lastKnownFileType = sourcecode.c.objc; path = MileMothController.m; sourceTree = "<group>"; };
		18258F591DA3A6790083D471 /* MileWeekController.h */ = {isa = PBXFileReference; fileEncoding = 4; lastKnownFileType = sourcecode.c.h; path = MileWeekController.h; sourceTree = "<group>"; };
		18258F5A1DA3A6790083D471 /* MileWeekController.m */ = {isa = PBXFileReference; fileEncoding = 4; lastKnownFileType = sourcecode.c.objc; path = MileWeekController.m; sourceTree = "<group>"; };
		18258F5E1DA3A8390083D471 /* CustomIOS7AlertView.h */ = {isa = PBXFileReference; fileEncoding = 4; lastKnownFileType = sourcecode.c.h; path = CustomIOS7AlertView.h; sourceTree = "<group>"; };
		18258F5F1DA3A8390083D471 /* CustomIOS7AlertView.m */ = {isa = PBXFileReference; fileEncoding = 4; lastKnownFileType = sourcecode.c.objc; path = CustomIOS7AlertView.m; sourceTree = "<group>"; };
		18258F611DA522390083D471 /* AlarmViewController.h */ = {isa = PBXFileReference; fileEncoding = 4; lastKnownFileType = sourcecode.c.h; path = AlarmViewController.h; sourceTree = "<group>"; };
		18258F621DA522390083D471 /* AlarmViewController.m */ = {isa = PBXFileReference; fileEncoding = 4; lastKnownFileType = sourcecode.c.objc; path = AlarmViewController.m; sourceTree = "<group>"; };
		182D6DD71D6AD25400CA4BDD /* MKwebCar.app */ = {isa = PBXFileReference; explicitFileType = wrapper.application; includeInIndex = 0; path = MKwebCar.app; sourceTree = BUILT_PRODUCTS_DIR; };
		182D6DDB1D6AD25400CA4BDD /* main.m */ = {isa = PBXFileReference; lastKnownFileType = sourcecode.c.objc; path = main.m; sourceTree = "<group>"; };
		182D6DDD1D6AD25400CA4BDD /* MKAppDelegate.h */ = {isa = PBXFileReference; lastKnownFileType = sourcecode.c.h; path = MKAppDelegate.h; sourceTree = "<group>"; };
		182D6DDE1D6AD25400CA4BDD /* MKAppDelegate.m */ = {isa = PBXFileReference; lastKnownFileType = sourcecode.c.objc; path = MKAppDelegate.m; sourceTree = "<group>"; };
		182D6DE71D6AD25400CA4BDD /* MKwebCar.xcdatamodel */ = {isa = PBXFileReference; lastKnownFileType = wrapper.xcdatamodel; path = MKwebCar.xcdatamodel; sourceTree = "<group>"; };
		182D6DE91D6AD25400CA4BDD /* Assets.xcassets */ = {isa = PBXFileReference; lastKnownFileType = folder.assetcatalog; path = Assets.xcassets; sourceTree = "<group>"; };
		182D6DEC1D6AD25400CA4BDD /* Base */ = {isa = PBXFileReference; lastKnownFileType = file.storyboard; name = Base; path = Base.lproj/LaunchScreen.storyboard; sourceTree = "<group>"; };
		182D6DEE1D6AD25400CA4BDD /* Info.plist */ = {isa = PBXFileReference; lastKnownFileType = text.plist.xml; path = Info.plist; sourceTree = "<group>"; };
		182D6DF31D6AD25400CA4BDD /* MKwebCarTests.xctest */ = {isa = PBXFileReference; explicitFileType = wrapper.cfbundle; includeInIndex = 0; path = MKwebCarTests.xctest; sourceTree = BUILT_PRODUCTS_DIR; };
		182D6DF71D6AD25400CA4BDD /* MKwebCarTests.m */ = {isa = PBXFileReference; lastKnownFileType = sourcecode.c.objc; path = MKwebCarTests.m; sourceTree = "<group>"; };
		182D6DF91D6AD25400CA4BDD /* Info.plist */ = {isa = PBXFileReference; lastKnownFileType = text.plist.xml; path = Info.plist; sourceTree = "<group>"; };
		182D6DFE1D6AD25400CA4BDD /* MKwebCarUITests.xctest */ = {isa = PBXFileReference; explicitFileType = wrapper.cfbundle; includeInIndex = 0; path = MKwebCarUITests.xctest; sourceTree = BUILT_PRODUCTS_DIR; };
		182D6E021D6AD25400CA4BDD /* MKwebCarUITests.m */ = {isa = PBXFileReference; lastKnownFileType = sourcecode.c.objc; path = MKwebCarUITests.m; sourceTree = "<group>"; };
		182D6E041D6AD25400CA4BDD /* Info.plist */ = {isa = PBXFileReference; lastKnownFileType = text.plist.xml; path = Info.plist; sourceTree = "<group>"; };
		182D6E261D6EECDC00CA4BDD /* Base */ = {isa = PBXFileReference; lastKnownFileType = file.storyboard; name = Base; path = Base.lproj/MKwebCar.storyboard; sourceTree = "<group>"; };
		182D6E281D6EED6E00CA4BDD /* MKLeftTableViewCell.h */ = {isa = PBXFileReference; fileEncoding = 4; lastKnownFileType = sourcecode.c.h; name = MKLeftTableViewCell.h; path = ../Controller/MKLeftTableViewCell.h; sourceTree = "<group>"; };
		182D6E291D6EED6E00CA4BDD /* MKLeftTableViewCell.m */ = {isa = PBXFileReference; fileEncoding = 4; lastKnownFileType = sourcecode.c.objc; name = MKLeftTableViewCell.m; path = ../Controller/MKLeftTableViewCell.m; sourceTree = "<group>"; };
		182D6E2A1D6EED6E00CA4BDD /* MKLeftTableViewController.h */ = {isa = PBXFileReference; fileEncoding = 4; lastKnownFileType = sourcecode.c.h; path = MKLeftTableViewController.h; sourceTree = "<group>"; };
		182D6E2B1D6EED6E00CA4BDD /* MKLeftTableViewController.m */ = {isa = PBXFileReference; fileEncoding = 4; lastKnownFileType = sourcecode.c.objc; path = MKLeftTableViewController.m; sourceTree = "<group>"; };
		182F14D41D882F0D00C44B1F /* BaseTreeViewController.h */ = {isa = PBXFileReference; fileEncoding = 4; lastKnownFileType = sourcecode.c.h; path = BaseTreeViewController.h; sourceTree = "<group>"; };
		182F14D51D882F0D00C44B1F /* BaseTreeViewController.m */ = {isa = PBXFileReference; fileEncoding = 4; lastKnownFileType = sourcecode.c.objc; path = BaseTreeViewController.m; sourceTree = "<group>"; };
		182F14DB1D88302800C44B1F /* Info.plist */ = {isa = PBXFileReference; fileEncoding = 4; lastKnownFileType = text.plist.xml; path = Info.plist; sourceTree = "<group>"; };
		182F14DD1D88302800C44B1F /* MTreeNode+ExpandNode.h */ = {isa = PBXFileReference; fileEncoding = 4; lastKnownFileType = sourcecode.c.h; path = "MTreeNode+ExpandNode.h"; sourceTree = "<group>"; };
		182F14DE1D88302800C44B1F /* MTreeNode+ExpandNode.m */ = {isa = PBXFileReference; fileEncoding = 4; lastKnownFileType = sourcecode.c.objc; path = "MTreeNode+ExpandNode.m"; sourceTree = "<group>"; };
		182F14DF1D88302800C44B1F /* MTreeNode.h */ = {isa = PBXFileReference; fileEncoding = 4; lastKnownFileType = sourcecode.c.h; path = MTreeNode.h; sourceTree = "<group>"; };
		182F14E01D88302800C44B1F /* MTreeNode.m */ = {isa = PBXFileReference; fileEncoding = 4; lastKnownFileType = sourcecode.c.objc; path = MTreeNode.m; sourceTree = "<group>"; };
		182F14E11D88302800C44B1F /* MTreeView.h */ = {isa = PBXFileReference; fileEncoding = 4; lastKnownFileType = sourcecode.c.h; path = MTreeView.h; sourceTree = "<group>"; };
		182F14E21D88302800C44B1F /* MTreeView.m */ = {isa = PBXFileReference; fileEncoding = 4; lastKnownFileType = sourcecode.c.objc; path = MTreeView.m; sourceTree = "<group>"; };
		182F14E31D88302800C44B1F /* MTreeViewFramework.h */ = {isa = PBXFileReference; fileEncoding = 4; lastKnownFileType = sourcecode.c.h; path = MTreeViewFramework.h; sourceTree = "<group>"; };
		182F14E81D8A3CCC00C44B1F /* CarInfo.h */ = {isa = PBXFileReference; fileEncoding = 4; lastKnownFileType = sourcecode.c.h; path = CarInfo.h; sourceTree = "<group>"; };
		182F14E91D8A3CCC00C44B1F /* CarInfo.m */ = {isa = PBXFileReference; fileEncoding = 4; lastKnownFileType = sourcecode.c.objc; path = CarInfo.m; sourceTree = "<group>"; };
		182F14EE1D8D06B500C44B1F /* Company.h */ = {isa = PBXFileReference; fileEncoding = 4; lastKnownFileType = sourcecode.c.h; path = Company.h; sourceTree = "<group>"; };
		182F14EF1D8D06B500C44B1F /* Company.m */ = {isa = PBXFileReference; fileEncoding = 4; lastKnownFileType = sourcecode.c.objc; path = Company.m; sourceTree = "<group>"; };
		182F14F11D8D070A00C44B1F /* Department.h */ = {isa = PBXFileReference; fileEncoding = 4; lastKnownFileType = sourcecode.c.h; path = Department.h; sourceTree = "<group>"; };
		182F14F21D8D070A00C44B1F /* Department.m */ = {isa = PBXFileReference; fileEncoding = 4; lastKnownFileType = sourcecode.c.objc; path = Department.m; sourceTree = "<group>"; };
		187361B21DA1FBCF0058FC25 /* TimeLocationViewController.h */ = {isa = PBXFileReference; fileEncoding = 4; lastKnownFileType = sourcecode.c.h; path = TimeLocationViewController.h; sourceTree = "<group>"; };
		187361B31DA1FBCF0058FC25 /* TimeLocationViewController.m */ = {isa = PBXFileReference; fileEncoding = 4; lastKnownFileType = sourcecode.c.objc; path = TimeLocationViewController.m; sourceTree = "<group>"; };
		187361FA1DA1FDBF0058FC25 /* CoreLocation.framework */ = {isa = PBXFileReference; lastKnownFileType = wrapper.framework; name = CoreLocation.framework; path = System/Library/Frameworks/CoreLocation.framework; sourceTree = SDKROOT; };
		187361FC1DA203EB0058FC25 /* QuartzCore.framework */ = {isa = PBXFileReference; lastKnownFileType = wrapper.framework; name = QuartzCore.framework; path = System/Library/Frameworks/QuartzCore.framework; sourceTree = SDKROOT; };
		187361FE1DA204010058FC25 /* OpenGLES.framework */ = {isa = PBXFileReference; lastKnownFileType = wrapper.framework; name = OpenGLES.framework; path = System/Library/Frameworks/OpenGLES.framework; sourceTree = SDKROOT; };
		187362001DA2040C0058FC25 /* SystemConfiguration.framework */ = {isa = PBXFileReference; lastKnownFileType = wrapper.framework; name = SystemConfiguration.framework; path = System/Library/Frameworks/SystemConfiguration.framework; sourceTree = SDKROOT; };
		187362021DA204170058FC25 /* CoreGraphics.framework */ = {isa = PBXFileReference; lastKnownFileType = wrapper.framework; name = CoreGraphics.framework; path = System/Library/Frameworks/CoreGraphics.framework; sourceTree = SDKROOT; };
		187362041DA204220058FC25 /* Security.framework */ = {isa = PBXFileReference; lastKnownFileType = wrapper.framework; name = Security.framework; path = System/Library/Frameworks/Security.framework; sourceTree = SDKROOT; };
		187362061DA2042D0058FC25 /* libsqlite3.0.tbd */ = {isa = PBXFileReference; lastKnownFileType = "sourcecode.text-based-dylib-definition"; name = libsqlite3.0.tbd; path = usr/lib/libsqlite3.0.tbd; sourceTree = SDKROOT; };
		187362081DA204420058FC25 /* CoreTelephony.framework */ = {isa = PBXFileReference; lastKnownFileType = wrapper.framework; name = CoreTelephony.framework; path = System/Library/Frameworks/CoreTelephony.framework; sourceTree = SDKROOT; };
		1873620A1DA2044C0058FC25 /* libstdc++.6.0.9.tbd */ = {isa = PBXFileReference; lastKnownFileType = "sourcecode.text-based-dylib-definition"; name = "libstdc++.6.0.9.tbd"; path = "usr/lib/libstdc++.6.0.9.tbd"; sourceTree = SDKROOT; };
		1873620C1DA227E70058FC25 /* mapapi.bundle */ = {isa = PBXFileReference; lastKnownFileType = "wrapper.plug-in"; name = mapapi.bundle; path = ../Pods/BaiduMapKit/BaiduMapKit/BaiduMapAPI_Map.framework/Resources/mapapi.bundle; sourceTree = "<group>"; };
		1881309F1D74240600100601 /* MKMainViewController.h */ = {isa = PBXFileReference; fileEncoding = 4; lastKnownFileType = sourcecode.c.h; path = MKMainViewController.h; sourceTree = "<group>"; };
		188130A01D74240600100601 /* MKMainViewController.m */ = {isa = PBXFileReference; fileEncoding = 4; lastKnownFileType = sourcecode.c.objc; path = MKMainViewController.m; sourceTree = "<group>"; };
		188130A21D7432EF00100601 /* MKCarListController.h */ = {isa = PBXFileReference; fileEncoding = 4; lastKnownFileType = sourcecode.c.h; path = MKCarListController.h; sourceTree = "<group>"; };
		188130A31D7432EF00100601 /* MKCarListController.m */ = {isa = PBXFileReference; fileEncoding = 4; lastKnownFileType = sourcecode.c.objc; path = MKCarListController.m; sourceTree = "<group>"; };
		188130A51D74347C00100601 /* MKChangePwdController.h */ = {isa = PBXFileReference; fileEncoding = 4; lastKnownFileType = sourcecode.c.h; path = MKChangePwdController.h; sourceTree = "<group>"; };
		188130A61D74347C00100601 /* MKChangePwdController.m */ = {isa = PBXFileReference; fileEncoding = 4; lastKnownFileType = sourcecode.c.objc; path = MKChangePwdController.m; sourceTree = "<group>"; };
		188130A81D74356800100601 /* MKAboutViewController.h */ = {isa = PBXFileReference; fileEncoding = 4; lastKnownFileType = sourcecode.c.h; path = MKAboutViewController.h; sourceTree = "<group>"; };
		188130A91D74356800100601 /* MKAboutViewController.m */ = {isa = PBXFileReference; fileEncoding = 4; lastKnownFileType = sourcecode.c.objc; path = MKAboutViewController.m; sourceTree = "<group>"; };
		188130AB1D81019800100601 /* DataFormServer.h */ = {isa = PBXFileReference; fileEncoding = 4; lastKnownFileType = sourcecode.c.h; name = DataFormServer.h; path = ../Others/DataFormServer.h; sourceTree = "<group>"; };
		188130AC1D81019800100601 /* DataFormServer.m */ = {isa = PBXFileReference; fileEncoding = 4; lastKnownFileType = sourcecode.c.objc; name = DataFormServer.m; path = ../Others/DataFormServer.m; sourceTree = "<group>"; };
		188130B21D810D8900100601 /* Constants.h */ = {isa = PBXFileReference; fileEncoding = 4; lastKnownFileType = sourcecode.c.h; path = Constants.h; sourceTree = "<group>"; };
		188130B31D810D8900100601 /* Constants.m */ = {isa = PBXFileReference; fileEncoding = 4; lastKnownFileType = sourcecode.c.objc; path = Constants.m; sourceTree = "<group>"; };
		188131511D81476800100601 /* MKLoginViewController.h */ = {isa = PBXFileReference; fileEncoding = 4; lastKnownFileType = sourcecode.c.h; path = MKLoginViewController.h; sourceTree = "<group>"; };
		188131521D81476800100601 /* MKLoginViewController.m */ = {isa = PBXFileReference; fileEncoding = 4; lastKnownFileType = sourcecode.c.objc; path = MKLoginViewController.m; sourceTree = "<group>"; };
		188131531D81476800100601 /* MKButton.h */ = {isa = PBXFileReference; fileEncoding = 4; lastKnownFileType = sourcecode.c.h; path = MKButton.h; sourceTree = "<group>"; };
		188131541D81476800100601 /* MKButton.m */ = {isa = PBXFileReference; fileEncoding = 4; lastKnownFileType = sourcecode.c.objc; path = MKButton.m; sourceTree = "<group>"; };
		188131551D81476800100601 /* MKTextField.h */ = {isa = PBXFileReference; fileEncoding = 4; lastKnownFileType = sourcecode.c.h; path = MKTextField.h; sourceTree = "<group>"; };
		188131561D81476800100601 /* MKTextField.m */ = {isa = PBXFileReference; fileEncoding = 4; lastKnownFileType = sourcecode.c.objc; path = MKTextField.m; sourceTree = "<group>"; };
		1882046D1D91A96400D1D07C /* MKBaseNavigationController.h */ = {isa = PBXFileReference; fileEncoding = 4; lastKnownFileType = sourcecode.c.h; path = MKBaseNavigationController.h; sourceTree = "<group>"; };
		1882046E1D91A96400D1D07C /* MKBaseNavigationController.m */ = {isa = PBXFileReference; fileEncoding = 4; lastKnownFileType = sourcecode.c.objc; path = MKBaseNavigationController.m; sourceTree = "<group>"; };
		1882046F1D91A96400D1D07C /* MKBaseTabBar.h */ = {isa = PBXFileReference; fileEncoding = 4; lastKnownFileType = sourcecode.c.h; path = MKBaseTabBar.h; sourceTree = "<group>"; };
		188204701D91A96400D1D07C /* MKBaseTabBar.m */ = {isa = PBXFileReference; fileEncoding = 4; lastKnownFileType = sourcecode.c.objc; path = MKBaseTabBar.m; sourceTree = "<group>"; };
		188204711D91A96400D1D07C /* MKBaseTabBarButton.h */ = {isa = PBXFileReference; fileEncoding = 4; lastKnownFileType = sourcecode.c.h; path = MKBaseTabBarButton.h; sourceTree = "<group>"; };
		188204721D91A96400D1D07C /* MKBaseTabBarButton.m */ = {isa = PBXFileReference; fileEncoding = 4; lastKnownFileType = sourcecode.c.objc; path = MKBaseTabBarButton.m; sourceTree = "<group>"; };
		188204731D91A96400D1D07C /* MKBaseTabBarController.h */ = {isa = PBXFileReference; fileEncoding = 4; lastKnownFileType = sourcecode.c.h; path = MKBaseTabBarController.h; sourceTree = "<group>"; };
		188204741D91A96400D1D07C /* MKBaseTabBarController.m */ = {isa = PBXFileReference; fileEncoding = 4; lastKnownFileType = sourcecode.c.objc; path = MKBaseTabBarController.m; sourceTree = "<group>"; };
		188204791D91A9D000D1D07C /* UIView+Frame.h */ = {isa = PBXFileReference; fileEncoding = 4; lastKnownFileType = sourcecode.c.h; path = "UIView+Frame.h"; sourceTree = "<group>"; };
		1882047A1D91A9D000D1D07C /* UIView+Frame.m */ = {isa = PBXFileReference; fileEncoding = 4; lastKnownFileType = sourcecode.c.objc; path = "UIView+Frame.m"; sourceTree = "<group>"; };
		1882047C1D91AAB800D1D07C /* UIImage+Extension.h */ = {isa = PBXFileReference; fileEncoding = 4; lastKnownFileType = sourcecode.c.h; path = "UIImage+Extension.h"; sourceTree = "<group>"; };
		1882047D1D91AAB800D1D07C /* UIImage+Extension.m */ = {isa = PBXFileReference; fileEncoding = 4; lastKnownFileType = sourcecode.c.objc; path = "UIImage+Extension.m"; sourceTree = "<group>"; };
		189562B51DA8AB3300940E03 /* TrackController.h */ = {isa = PBXFileReference; fileEncoding = 4; lastKnownFileType = sourcecode.c.h; path = TrackController.h; sourceTree = "<group>"; };
		189562B61DA8AB3300940E03 /* TrackController.m */ = {isa = PBXFileReference; fileEncoding = 4; lastKnownFileType = sourcecode.c.objc; path = TrackController.m; sourceTree = "<group>"; };
		3A8572B8E142E4B7CF2B48B8 /* libPods.a */ = {isa = PBXFileReference; explicitFileType = archive.ar; includeInIndex = 0; path = libPods.a; sourceTree = BUILT_PRODUCTS_DIR; };
		40CEE03D71AE0EA24700A179 /* Pods.debug.xcconfig */ = {isa = PBXFileReference; includeInIndex = 1; lastKnownFileType = text.xcconfig; name = Pods.debug.xcconfig; path = "Pods/Target Support Files/Pods/Pods.debug.xcconfig"; sourceTree = "<group>"; };
		C311A889D62CE3C3439C00AD /* Pods.release.xcconfig */ = {isa = PBXFileReference; includeInIndex = 1; lastKnownFileType = text.xcconfig; name = Pods.release.xcconfig; path = "Pods/Target Support Files/Pods/Pods.release.xcconfig"; sourceTree = "<group>"; };
/* End PBXFileReference section */

/* Begin PBXFrameworksBuildPhase section */
		182D6DD41D6AD25400CA4BDD /* Frameworks */ = {
			isa = PBXFrameworksBuildPhase;
			buildActionMask = 2147483647;
			files = (
				1873620B1DA2044C0058FC25 /* libstdc++.6.0.9.tbd in Frameworks */,
				187362091DA204420058FC25 /* CoreTelephony.framework in Frameworks */,
				187362071DA2042D0058FC25 /* libsqlite3.0.tbd in Frameworks */,
				187362051DA204220058FC25 /* Security.framework in Frameworks */,
				187362031DA204170058FC25 /* CoreGraphics.framework in Frameworks */,
				187362011DA2040C0058FC25 /* SystemConfiguration.framework in Frameworks */,
				187361FF1DA204010058FC25 /* OpenGLES.framework in Frameworks */,
				187361FD1DA203EB0058FC25 /* QuartzCore.framework in Frameworks */,
				187361FB1DA1FDBF0058FC25 /* CoreLocation.framework in Frameworks */,
				2C7FD89EFB0EEF9B2FC66165 /* libPods.a in Frameworks */,
			);
			runOnlyForDeploymentPostprocessing = 0;
		};
		182D6DF01D6AD25400CA4BDD /* Frameworks */ = {
			isa = PBXFrameworksBuildPhase;
			buildActionMask = 2147483647;
			files = (
			);
			runOnlyForDeploymentPostprocessing = 0;
		};
		182D6DFB1D6AD25400CA4BDD /* Frameworks */ = {
			isa = PBXFrameworksBuildPhase;
			buildActionMask = 2147483647;
			files = (
			);
			runOnlyForDeploymentPostprocessing = 0;
		};
/* End PBXFrameworksBuildPhase section */

/* Begin PBXGroup section */
		182D6DCE1D6AD25400CA4BDD = {
			isa = PBXGroup;
			children = (
				182D6DD91D6AD25400CA4BDD /* MKwebCar */,
				182D6DF61D6AD25400CA4BDD /* MKwebCarTests */,
				182D6E011D6AD25400CA4BDD /* MKwebCarUITests */,
				182D6DD81D6AD25400CA4BDD /* Products */,
				FADC4E078B4B3B7128A76590 /* Pods */,
				DC126240819A3DBA6E3944FF /* Frameworks */,
			);
			sourceTree = "<group>";
		};
		182D6DD81D6AD25400CA4BDD /* Products */ = {
			isa = PBXGroup;
			children = (
				182D6DD71D6AD25400CA4BDD /* MKwebCar.app */,
				182D6DF31D6AD25400CA4BDD /* MKwebCarTests.xctest */,
				182D6DFE1D6AD25400CA4BDD /* MKwebCarUITests.xctest */,
			);
			name = Products;
			sourceTree = "<group>";
		};
		182D6DD91D6AD25400CA4BDD /* MKwebCar */ = {
			isa = PBXGroup;
			children = (
				188130AE1D81047600100601 /* Public */,
				182D6E121D6AD37700CA4BDD /* Others */,
				182D6E101D6AD37700CA4BDD /* Controller */,
				182D6E111D6AD37700CA4BDD /* Model */,
				182D6E131D6AD37700CA4BDD /* View */,
				182D6DDA1D6AD25400CA4BDD /* Supporting Files */,
			);
			path = MKwebCar;
			sourceTree = "<group>";
		};
		182D6DDA1D6AD25400CA4BDD /* Supporting Files */ = {
			isa = PBXGroup;
			children = (
				1873620C1DA227E70058FC25 /* mapapi.bundle */,
				182D6E251D6EECDC00CA4BDD /* MKwebCar.storyboard */,
				182D6DDD1D6AD25400CA4BDD /* MKAppDelegate.h */,
				182D6DDE1D6AD25400CA4BDD /* MKAppDelegate.m */,
				182D6DEE1D6AD25400CA4BDD /* Info.plist */,
				182D6DE61D6AD25400CA4BDD /* MKwebCar.xcdatamodeld */,
				182D6DEB1D6AD25400CA4BDD /* LaunchScreen.storyboard */,
				182D6DE91D6AD25400CA4BDD /* Assets.xcassets */,
				182D6DDB1D6AD25400CA4BDD /* main.m */,
			);
			name = "Supporting Files";
			sourceTree = "<group>";
		};
		182D6DF61D6AD25400CA4BDD /* MKwebCarTests */ = {
			isa = PBXGroup;
			children = (
				182D6DF71D6AD25400CA4BDD /* MKwebCarTests.m */,
				182D6DF91D6AD25400CA4BDD /* Info.plist */,
			);
			path = MKwebCarTests;
			sourceTree = "<group>";
		};
		182D6E011D6AD25400CA4BDD /* MKwebCarUITests */ = {
			isa = PBXGroup;
			children = (
				182D6E021D6AD25400CA4BDD /* MKwebCarUITests.m */,
				182D6E041D6AD25400CA4BDD /* Info.plist */,
			);
			path = MKwebCarUITests;
			sourceTree = "<group>";
		};
		182D6E101D6AD37700CA4BDD /* Controller */ = {
			isa = PBXGroup;
			children = (
				187361A91DA1FBCF0058FC25 /* TabBarController */,
				182F14D31D882EB100C44B1F /* MKTreeVIew */,
				1881314F1D8146D600100601 /* Login */,
				188131501D8146F000100601 /* BaseController */,
			);
			path = Controller;
			sourceTree = "<group>";
		};
		182D6E111D6AD37700CA4BDD /* Model */ = {
			isa = PBXGroup;
			children = (
				182F14E81D8A3CCC00C44B1F /* CarInfo.h */,
				182F14E91D8A3CCC00C44B1F /* CarInfo.m */,
				182F14EE1D8D06B500C44B1F /* Company.h */,
				182F14EF1D8D06B500C44B1F /* Company.m */,
				182F14F11D8D070A00C44B1F /* Department.h */,
				182F14F21D8D070A00C44B1F /* Department.m */,
			);
			path = Model;
			sourceTree = "<group>";
		};
		182D6E121D6AD37700CA4BDD /* Others */ = {
			isa = PBXGroup;
			children = (
				182F14DA1D88302800C44B1F /* MTreeViewFramework */,
			);
			path = Others;
			sourceTree = "<group>";
		};
		182D6E131D6AD37700CA4BDD /* View */ = {
			isa = PBXGroup;
			children = (
				182D6E281D6EED6E00CA4BDD /* MKLeftTableViewCell.h */,
				182D6E291D6EED6E00CA4BDD /* MKLeftTableViewCell.m */,
			);
			path = View;
			sourceTree = "<group>";
		};
		182F14D31D882EB100C44B1F /* MKTreeVIew */ = {
			isa = PBXGroup;
			children = (
				182F14D41D882F0D00C44B1F /* BaseTreeViewController.h */,
				182F14D51D882F0D00C44B1F /* BaseTreeViewController.m */,
			);
			name = MKTreeVIew;
			sourceTree = "<group>";
		};
		182F14DA1D88302800C44B1F /* MTreeViewFramework */ = {
			isa = PBXGroup;
			children = (
				182F14DB1D88302800C44B1F /* Info.plist */,
				182F14DC1D88302800C44B1F /* MTreeView */,
				182F14E31D88302800C44B1F /* MTreeViewFramework.h */,
			);
			path = MTreeViewFramework;
			sourceTree = "<group>";
		};
		182F14DC1D88302800C44B1F /* MTreeView */ = {
			isa = PBXGroup;
			children = (
				182F14DD1D88302800C44B1F /* MTreeNode+ExpandNode.h */,
				182F14DE1D88302800C44B1F /* MTreeNode+ExpandNode.m */,
				182F14DF1D88302800C44B1F /* MTreeNode.h */,
				182F14E01D88302800C44B1F /* MTreeNode.m */,
				182F14E11D88302800C44B1F /* MTreeView.h */,
				182F14E21D88302800C44B1F /* MTreeView.m */,
			);
			path = MTreeView;
			sourceTree = "<group>";
		};
		187361A91DA1FBCF0058FC25 /* TabBarController */ = {
			isa = PBXGroup;
			children = (
				187361B21DA1FBCF0058FC25 /* TimeLocationViewController.h */,
				187361B31DA1FBCF0058FC25 /* TimeLocationViewController.m */,
				18258F551DA3A6790083D471 /* MeilReportController.h */,
				18258F561DA3A6790083D471 /* MeilReportController.m */,
				18258F571DA3A6790083D471 /* MileMothController.h */,
				18258F581DA3A6790083D471 /* MileMothController.m */,
				18258F591DA3A6790083D471 /* MileWeekController.h */,
				18258F5A1DA3A6790083D471 /* MileWeekController.m */,
				18258F611DA522390083D471 /* AlarmViewController.h */,
				18258F621DA522390083D471 /* AlarmViewController.m */,
				189562B51DA8AB3300940E03 /* TrackController.h */,
				189562B61DA8AB3300940E03 /* TrackController.m */,
			);
			path = TabBarController;
			sourceTree = "<group>";
		};
		188130AE1D81047600100601 /* Public */ = {
			isa = PBXGroup;
			children = (
				18258F5E1DA3A8390083D471 /* CustomIOS7AlertView.h */,
				18258F5F1DA3A8390083D471 /* CustomIOS7AlertView.m */,
				18258F521DA37F3E0083D471 /* SSColorfulRefresh.h */,
				18258F531DA37F3E0083D471 /* SSColorfulRefresh.m */,
				1882046D1D91A96400D1D07C /* MKBaseNavigationController.h */,
				1882046E1D91A96400D1D07C /* MKBaseNavigationController.m */,
				1882046F1D91A96400D1D07C /* MKBaseTabBar.h */,
				188204701D91A96400D1D07C /* MKBaseTabBar.m */,
				188204711D91A96400D1D07C /* MKBaseTabBarButton.h */,
				188204721D91A96400D1D07C /* MKBaseTabBarButton.m */,
				188204731D91A96400D1D07C /* MKBaseTabBarController.h */,
				188204741D91A96400D1D07C /* MKBaseTabBarController.m */,
				188130AB1D81019800100601 /* DataFormServer.h */,
				188130AC1D81019800100601 /* DataFormServer.m */,
				188130B21D810D8900100601 /* Constants.h */,
				188130B31D810D8900100601 /* Constants.m */,
				1882047C1D91AAB800D1D07C /* UIImage+Extension.h */,
				1882047D1D91AAB800D1D07C /* UIImage+Extension.m */,
				188204791D91A9D000D1D07C /* UIView+Frame.h */,
				1882047A1D91A9D000D1D07C /* UIView+Frame.m */,
			);
			path = Public;
			sourceTree = "<group>";
		};
		1881314F1D8146D600100601 /* Login */ = {
			isa = PBXGroup;
			children = (
				188131511D81476800100601 /* MKLoginViewController.h */,
				188131521D81476800100601 /* MKLoginViewController.m */,
				188131531D81476800100601 /* MKButton.h */,
				188131541D81476800100601 /* MKButton.m */,
				188131551D81476800100601 /* MKTextField.h */,
				188131561D81476800100601 /* MKTextField.m */,
			);
			name = Login;
			path = ../Login;
			sourceTree = "<group>";
		};
		188131501D8146F000100601 /* BaseController */ = {
			isa = PBXGroup;
			children = (
				182D6E2A1D6EED6E00CA4BDD /* MKLeftTableViewController.h */,
				182D6E2B1D6EED6E00CA4BDD /* MKLeftTableViewController.m */,
				1881309F1D74240600100601 /* MKMainViewController.h */,
				188130A01D74240600100601 /* MKMainViewController.m */,
				188130A21D7432EF00100601 /* MKCarListController.h */,
				188130A31D7432EF00100601 /* MKCarListController.m */,
				188130A51D74347C00100601 /* MKChangePwdController.h */,
				188130A61D74347C00100601 /* MKChangePwdController.m */,
				188130A81D74356800100601 /* MKAboutViewController.h */,
				188130A91D74356800100601 /* MKAboutViewController.m */,
			);
			name = BaseController;
			sourceTree = "<group>";
		};
		DC126240819A3DBA6E3944FF /* Frameworks */ = {
			isa = PBXGroup;
			children = (
				1873620A1DA2044C0058FC25 /* libstdc++.6.0.9.tbd */,
				187362081DA204420058FC25 /* CoreTelephony.framework */,
				187362061DA2042D0058FC25 /* libsqlite3.0.tbd */,
				187362041DA204220058FC25 /* Security.framework */,
				187362021DA204170058FC25 /* CoreGraphics.framework */,
				187362001DA2040C0058FC25 /* SystemConfiguration.framework */,
				187361FE1DA204010058FC25 /* OpenGLES.framework */,
				187361FC1DA203EB0058FC25 /* QuartzCore.framework */,
				187361FA1DA1FDBF0058FC25 /* CoreLocation.framework */,
				3A8572B8E142E4B7CF2B48B8 /* libPods.a */,
			);
			name = Frameworks;
			sourceTree = "<group>";
		};
		FADC4E078B4B3B7128A76590 /* Pods */ = {
			isa = PBXGroup;
			children = (
				40CEE03D71AE0EA24700A179 /* Pods.debug.xcconfig */,
				C311A889D62CE3C3439C00AD /* Pods.release.xcconfig */,
			);
			name = Pods;
			sourceTree = "<group>";
		};
/* End PBXGroup section */

/* Begin PBXNativeTarget section */
		182D6DD61D6AD25400CA4BDD /* MKwebCar */ = {
			isa = PBXNativeTarget;
			buildConfigurationList = 182D6E071D6AD25400CA4BDD /* Build configuration list for PBXNativeTarget "MKwebCar" */;
			buildPhases = (
				32C2A326ECCE82C79910CF7F /* Check Pods Manifest.lock */,
				182D6DD31D6AD25400CA4BDD /* Sources */,
				182D6DD41D6AD25400CA4BDD /* Frameworks */,
				182D6DD51D6AD25400CA4BDD /* Resources */,
				6D3B24D9CA33C4BCEA976868 /* Embed Pods Frameworks */,
				B2018E4B59D44EB800BD289D /* Copy Pods Resources */,
			);
			buildRules = (
			);
			dependencies = (
			);
			name = MKwebCar;
			productName = MKwebCar;
			productReference = 182D6DD71D6AD25400CA4BDD /* MKwebCar.app */;
			productType = "com.apple.product-type.application";
		};
		182D6DF21D6AD25400CA4BDD /* MKwebCarTests */ = {
			isa = PBXNativeTarget;
			buildConfigurationList = 182D6E0A1D6AD25400CA4BDD /* Build configuration list for PBXNativeTarget "MKwebCarTests" */;
			buildPhases = (
				182D6DEF1D6AD25400CA4BDD /* Sources */,
				182D6DF01D6AD25400CA4BDD /* Frameworks */,
				182D6DF11D6AD25400CA4BDD /* Resources */,
			);
			buildRules = (
			);
			dependencies = (
				182D6DF51D6AD25400CA4BDD /* PBXTargetDependency */,
			);
			name = MKwebCarTests;
			productName = MKwebCarTests;
			productReference = 182D6DF31D6AD25400CA4BDD /* MKwebCarTests.xctest */;
			productType = "com.apple.product-type.bundle.unit-test";
		};
		182D6DFD1D6AD25400CA4BDD /* MKwebCarUITests */ = {
			isa = PBXNativeTarget;
			buildConfigurationList = 182D6E0D1D6AD25400CA4BDD /* Build configuration list for PBXNativeTarget "MKwebCarUITests" */;
			buildPhases = (
				182D6DFA1D6AD25400CA4BDD /* Sources */,
				182D6DFB1D6AD25400CA4BDD /* Frameworks */,
				182D6DFC1D6AD25400CA4BDD /* Resources */,
			);
			buildRules = (
			);
			dependencies = (
				182D6E001D6AD25400CA4BDD /* PBXTargetDependency */,
			);
			name = MKwebCarUITests;
			productName = MKwebCarUITests;
			productReference = 182D6DFE1D6AD25400CA4BDD /* MKwebCarUITests.xctest */;
			productType = "com.apple.product-type.bundle.ui-testing";
		};
/* End PBXNativeTarget section */

/* Begin PBXProject section */
		182D6DCF1D6AD25400CA4BDD /* Project object */ = {
			isa = PBXProject;
			attributes = {
				LastUpgradeCheck = 0720;
				ORGANIZATIONNAME = moyan;
				TargetAttributes = {
					182D6DD61D6AD25400CA4BDD = {
						CreatedOnToolsVersion = 7.2.1;
					};
					182D6DF21D6AD25400CA4BDD = {
						CreatedOnToolsVersion = 7.2.1;
						TestTargetID = 182D6DD61D6AD25400CA4BDD;
					};
					182D6DFD1D6AD25400CA4BDD = {
						CreatedOnToolsVersion = 7.2.1;
						TestTargetID = 182D6DD61D6AD25400CA4BDD;
					};
				};
			};
			buildConfigurationList = 182D6DD21D6AD25400CA4BDD /* Build configuration list for PBXProject "MKwebCar" */;
			compatibilityVersion = "Xcode 3.2";
			developmentRegion = English;
			hasScannedForEncodings = 0;
			knownRegions = (
				en,
				Base,
			);
			mainGroup = 182D6DCE1D6AD25400CA4BDD;
			productRefGroup = 182D6DD81D6AD25400CA4BDD /* Products */;
			projectDirPath = "";
			projectRoot = "";
			targets = (
				182D6DD61D6AD25400CA4BDD /* MKwebCar */,
				182D6DF21D6AD25400CA4BDD /* MKwebCarTests */,
				182D6DFD1D6AD25400CA4BDD /* MKwebCarUITests */,
			);
		};
/* End PBXProject section */

/* Begin PBXResourcesBuildPhase section */
		182D6DD51D6AD25400CA4BDD /* Resources */ = {
			isa = PBXResourcesBuildPhase;
			buildActionMask = 2147483647;
			files = (
				182F14E41D88302800C44B1F /* Info.plist in Resources */,
				1873620D1DA227E70058FC25 /* mapapi.bundle in Resources */,
				182D6DED1D6AD25400CA4BDD /* LaunchScreen.storyboard in Resources */,
				182D6DEA1D6AD25400CA4BDD /* Assets.xcassets in Resources */,
				182D6E271D6EECDC00CA4BDD /* MKwebCar.storyboard in Resources */,
			);
			runOnlyForDeploymentPostprocessing = 0;
		};
		182D6DF11D6AD25400CA4BDD /* Resources */ = {
			isa = PBXResourcesBuildPhase;
			buildActionMask = 2147483647;
			files = (
			);
			runOnlyForDeploymentPostprocessing = 0;
		};
		182D6DFC1D6AD25400CA4BDD /* Resources */ = {
			isa = PBXResourcesBuildPhase;
			buildActionMask = 2147483647;
			files = (
			);
			runOnlyForDeploymentPostprocessing = 0;
		};
/* End PBXResourcesBuildPhase section */

/* Begin PBXShellScriptBuildPhase section */
		32C2A326ECCE82C79910CF7F /* Check Pods Manifest.lock */ = {
			isa = PBXShellScriptBuildPhase;
			buildActionMask = 2147483647;
			files = (
			);
			inputPaths = (
			);
			name = "Check Pods Manifest.lock";
			outputPaths = (
			);
			runOnlyForDeploymentPostprocessing = 0;
			shellPath = /bin/sh;
			shellScript = "diff \"${PODS_ROOT}/../Podfile.lock\" \"${PODS_ROOT}/Manifest.lock\" > /dev/null\nif [[ $? != 0 ]] ; then\n    cat << EOM\nerror: The sandbox is not in sync with the Podfile.lock. Run 'pod install' or update your CocoaPods installation.\nEOM\n    exit 1\nfi\n";
			showEnvVarsInLog = 0;
		};
		6D3B24D9CA33C4BCEA976868 /* Embed Pods Frameworks */ = {
			isa = PBXShellScriptBuildPhase;
			buildActionMask = 2147483647;
			files = (
			);
			inputPaths = (
			);
			name = "Embed Pods Frameworks";
			outputPaths = (
			);
			runOnlyForDeploymentPostprocessing = 0;
			shellPath = /bin/sh;
			shellScript = "\"${SRCROOT}/Pods/Target Support Files/Pods/Pods-frameworks.sh\"\n";
			showEnvVarsInLog = 0;
		};
		B2018E4B59D44EB800BD289D /* Copy Pods Resources */ = {
			isa = PBXShellScriptBuildPhase;
			buildActionMask = 2147483647;
			files = (
			);
			inputPaths = (
			);
			name = "Copy Pods Resources";
			outputPaths = (
			);
			runOnlyForDeploymentPostprocessing = 0;
			shellPath = /bin/sh;
			shellScript = "\"${SRCROOT}/Pods/Target Support Files/Pods/Pods-resources.sh\"\n";
			showEnvVarsInLog = 0;
		};
/* End PBXShellScriptBuildPhase section */

/* Begin PBXSourcesBuildPhase section */
		182D6DD31D6AD25400CA4BDD /* Sources */ = {
			isa = PBXSourcesBuildPhase;
			buildActionMask = 2147483647;
			files = (
				182D6DE81D6AD25400CA4BDD /* MKwebCar.xcdatamodeld in Sources */,
				182D6E2C1D6EED6E00CA4BDD /* MKLeftTableViewCell.m in Sources */,
				18258F5B1DA3A6790083D471 /* MeilReportController.m in Sources */,
				18258F541DA37F3E0083D471 /* SSColorfulRefresh.m in Sources */,
				188204781D91A96400D1D07C /* MKBaseTabBarController.m in Sources */,
				188130A71D74347C00100601 /* MKChangePwdController.m in Sources */,
				18258F5D1DA3A6790083D471 /* MileWeekController.m in Sources */,
				188131571D81476800100601 /* MKLoginViewController.m in Sources */,
				18258F631DA522390083D471 /* AlarmViewController.m in Sources */,
				182D6DDF1D6AD25400CA4BDD /* MKAppDelegate.m in Sources */,
				18258F601DA3A8390083D471 /* CustomIOS7AlertView.m in Sources */,
				1882047E1D91AAB800D1D07C /* UIImage+Extension.m in Sources */,
				182F14E71D88302800C44B1F /* MTreeView.m in Sources */,
				188131591D81476800100601 /* MKTextField.m in Sources */,
				188204751D91A96400D1D07C /* MKBaseNavigationController.m in Sources */,
				187361BA1DA1FBCF0058FC25 /* TimeLocationViewController.m in Sources */,
				188204761D91A96400D1D07C /* MKBaseTabBar.m in Sources */,
				188130A11D74240600100601 /* MKMainViewController.m in Sources */,
				182D6E2D1D6EED6E00CA4BDD /* MKLeftTableViewController.m in Sources */,
				188130B41D810D8900100601 /* Constants.m in Sources */,
				182F14E61D88302800C44B1F /* MTreeNode.m in Sources */,
				188204771D91A96400D1D07C /* MKBaseTabBarButton.m in Sources */,
				182F14F01D8D06B500C44B1F /* Company.m in Sources */,
				188130A41D7432EF00100601 /* MKCarListController.m in Sources */,
				182F14E51D88302800C44B1F /* MTreeNode+ExpandNode.m in Sources */,
				1882047B1D91A9D000D1D07C /* UIView+Frame.m in Sources */,
				188130AA1D74356800100601 /* MKAboutViewController.m in Sources */,
				182D6DDC1D6AD25400CA4BDD /* main.m in Sources */,
				18258F5C1DA3A6790083D471 /* MileMothController.m in Sources */,
				182F14D81D882F0D00C44B1F /* BaseTreeViewController.m in Sources */,
				182F14EA1D8A3CCC00C44B1F /* CarInfo.m in Sources */,
				188131581D81476800100601 /* MKButton.m in Sources */,
				188130AD1D81019800100601 /* DataFormServer.m in Sources */,
				182F14F31D8D070A00C44B1F /* Department.m in Sources */,
				189562B71DA8AB3300940E03 /* TrackController.m in Sources */,
			);
			runOnlyForDeploymentPostprocessing = 0;
		};
		182D6DEF1D6AD25400CA4BDD /* Sources */ = {
			isa = PBXSourcesBuildPhase;
			buildActionMask = 2147483647;
			files = (
				182D6DF81D6AD25400CA4BDD /* MKwebCarTests.m in Sources */,
			);
			runOnlyForDeploymentPostprocessing = 0;
		};
		182D6DFA1D6AD25400CA4BDD /* Sources */ = {
			isa = PBXSourcesBuildPhase;
			buildActionMask = 2147483647;
			files = (
				182D6E031D6AD25400CA4BDD /* MKwebCarUITests.m in Sources */,
			);
			runOnlyForDeploymentPostprocessing = 0;
		};
/* End PBXSourcesBuildPhase section */

/* Begin PBXTargetDependency section */
		182D6DF51D6AD25400CA4BDD /* PBXTargetDependency */ = {
			isa = PBXTargetDependency;
			target = 182D6DD61D6AD25400CA4BDD /* MKwebCar */;
			targetProxy = 182D6DF41D6AD25400CA4BDD /* PBXContainerItemProxy */;
		};
		182D6E001D6AD25400CA4BDD /* PBXTargetDependency */ = {
			isa = PBXTargetDependency;
			target = 182D6DD61D6AD25400CA4BDD /* MKwebCar */;
			targetProxy = 182D6DFF1D6AD25400CA4BDD /* PBXContainerItemProxy */;
		};
/* End PBXTargetDependency section */

/* Begin PBXVariantGroup section */
		182D6DEB1D6AD25400CA4BDD /* LaunchScreen.storyboard */ = {
			isa = PBXVariantGroup;
			children = (
				182D6DEC1D6AD25400CA4BDD /* Base */,
			);
			name = LaunchScreen.storyboard;
			sourceTree = "<group>";
		};
		182D6E251D6EECDC00CA4BDD /* MKwebCar.storyboard */ = {
			isa = PBXVariantGroup;
			children = (
				182D6E261D6EECDC00CA4BDD /* Base */,
			);
			name = MKwebCar.storyboard;
			sourceTree = "<group>";
		};
/* End PBXVariantGroup section */

/* Begin XCBuildConfiguration section */
		182D6E051D6AD25400CA4BDD /* Debug */ = {
			isa = XCBuildConfiguration;
			buildSettings = {
				ALWAYS_SEARCH_USER_PATHS = NO;
				CLANG_CXX_LANGUAGE_STANDARD = "gnu++0x";
				CLANG_CXX_LIBRARY = "libc++";
				CLANG_ENABLE_MODULES = YES;
				CLANG_ENABLE_OBJC_ARC = YES;
				CLANG_WARN_BOOL_CONVERSION = YES;
				CLANG_WARN_CONSTANT_CONVERSION = YES;
				CLANG_WARN_DIRECT_OBJC_ISA_USAGE = YES_ERROR;
				CLANG_WARN_EMPTY_BODY = YES;
				CLANG_WARN_ENUM_CONVERSION = YES;
				CLANG_WARN_INT_CONVERSION = YES;
				CLANG_WARN_OBJC_ROOT_CLASS = YES_ERROR;
				CLANG_WARN_UNREACHABLE_CODE = YES;
				CLANG_WARN__DUPLICATE_METHOD_MATCH = YES;
				"CODE_SIGN_IDENTITY[sdk=iphoneos*]" = "iPhone Developer";
				COPY_PHASE_STRIP = NO;
				DEBUG_INFORMATION_FORMAT = dwarf;
				DEFINES_MODULE = YES;
				ENABLE_STRICT_OBJC_MSGSEND = YES;
				ENABLE_TESTABILITY = YES;
				GCC_C_LANGUAGE_STANDARD = gnu99;
				GCC_DYNAMIC_NO_PIC = NO;
				GCC_INPUT_FILETYPE = sourcecode.cpp.objcpp;
				GCC_NO_COMMON_BLOCKS = YES;
				GCC_OPTIMIZATION_LEVEL = 0;
				GCC_PREPROCESSOR_DEFINITIONS = (
					"DEBUG=1",
					"$(inherited)",
				);
				GCC_WARN_64_TO_32_BIT_CONVERSION = YES;
				GCC_WARN_ABOUT_RETURN_TYPE = YES_ERROR;
				GCC_WARN_UNDECLARED_SELECTOR = YES;
				GCC_WARN_UNINITIALIZED_AUTOS = YES_AGGRESSIVE;
				GCC_WARN_UNUSED_FUNCTION = YES;
				GCC_WARN_UNUSED_VARIABLE = YES;
				IPHONEOS_DEPLOYMENT_TARGET = 9.2;
				MTL_ENABLE_DEBUG_INFO = YES;
				ONLY_ACTIVE_ARCH = YES;
				PRODUCT_NAME = MKwebCar;
				SDKROOT = iphoneos;
			};
			name = Debug;
		};
		182D6E061D6AD25400CA4BDD /* Release */ = {
			isa = XCBuildConfiguration;
			buildSettings = {
				ALWAYS_SEARCH_USER_PATHS = NO;
				CLANG_CXX_LANGUAGE_STANDARD = "gnu++0x";
				CLANG_CXX_LIBRARY = "libc++";
				CLANG_ENABLE_MODULES = YES;
				CLANG_ENABLE_OBJC_ARC = YES;
				CLANG_WARN_BOOL_CONVERSION = YES;
				CLANG_WARN_CONSTANT_CONVERSION = YES;
				CLANG_WARN_DIRECT_OBJC_ISA_USAGE = YES_ERROR;
				CLANG_WARN_EMPTY_BODY = YES;
				CLANG_WARN_ENUM_CONVERSION = YES;
				CLANG_WARN_INT_CONVERSION = YES;
				CLANG_WARN_OBJC_ROOT_CLASS = YES_ERROR;
				CLANG_WARN_UNREACHABLE_CODE = YES;
				CLANG_WARN__DUPLICATE_METHOD_MATCH = YES;
				"CODE_SIGN_IDENTITY[sdk=iphoneos*]" = "iPhone Developer";
				COPY_PHASE_STRIP = NO;
				DEBUG_INFORMATION_FORMAT = "dwarf-with-dsym";
				DEFINES_MODULE = YES;
				ENABLE_NS_ASSERTIONS = NO;
				ENABLE_STRICT_OBJC_MSGSEND = YES;
				GCC_C_LANGUAGE_STANDARD = gnu99;
				GCC_INPUT_FILETYPE = sourcecode.cpp.objcpp;
				GCC_NO_COMMON_BLOCKS = YES;
				GCC_WARN_64_TO_32_BIT_CONVERSION = YES;
				GCC_WARN_ABOUT_RETURN_TYPE = YES_ERROR;
				GCC_WARN_UNDECLARED_SELECTOR = YES;
				GCC_WARN_UNINITIALIZED_AUTOS = YES_AGGRESSIVE;
				GCC_WARN_UNUSED_FUNCTION = YES;
				GCC_WARN_UNUSED_VARIABLE = YES;
				IPHONEOS_DEPLOYMENT_TARGET = 9.2;
				MTL_ENABLE_DEBUG_INFO = NO;
				PRODUCT_NAME = MKwebCar;
				SDKROOT = iphoneos;
				VALIDATE_PRODUCT = YES;
			};
			name = Release;
		};
		182D6E081D6AD25400CA4BDD /* Debug */ = {
			isa = XCBuildConfiguration;
			baseConfigurationReference = 40CEE03D71AE0EA24700A179 /* Pods.debug.xcconfig */;
			buildSettings = {
				ASSETCATALOG_COMPILER_APPICON_NAME = AppIcon;
				CLANG_ENABLE_MODULES = YES;
				EMBEDDED_CONTENT_CONTAINS_SWIFT = NO;
				FRAMEWORK_SEARCH_PATHS = (
					"$(inherited)",
					"$(PROJECT_DIR)",
				);
				INFOPLIST_FILE = MKwebCar/Info.plist;
				IPHONEOS_DEPLOYMENT_TARGET = 7.0;
				LD_RUNPATH_SEARCH_PATHS = "$(inherited) @executable_path/Frameworks";
				PRODUCT_BUNDLE_IDENTIFIER = io.moyan.MKwebCar;
				PRODUCT_NAME = "$(TARGET_NAME)";
				SWIFT_OBJC_BRIDGING_HEADER = "MKwebCar/MKwebCar-Bridging-Header.h";
				SWIFT_OPTIMIZATION_LEVEL = "-Onone";
			};
			name = Debug;
		};
		182D6E091D6AD25400CA4BDD /* Release */ = {
			isa = XCBuildConfiguration;
			baseConfigurationReference = C311A889D62CE3C3439C00AD /* Pods.release.xcconfig */;
			buildSettings = {
				ASSETCATALOG_COMPILER_APPICON_NAME = AppIcon;
				CLANG_ENABLE_MODULES = YES;
				EMBEDDED_CONTENT_CONTAINS_SWIFT = NO;
				FRAMEWORK_SEARCH_PATHS = (
					"$(inherited)",
					"$(PROJECT_DIR)",
				);
				INFOPLIST_FILE = MKwebCar/Info.plist;
				IPHONEOS_DEPLOYMENT_TARGET = 7.0;
				LD_RUNPATH_SEARCH_PATHS = "$(inherited) @executable_path/Frameworks";
				PRODUCT_BUNDLE_IDENTIFIER = io.moyan.MKwebCar;
				PRODUCT_NAME = "$(TARGET_NAME)";
				SWIFT_OBJC_BRIDGING_HEADER = "MKwebCar/MKwebCar-Bridging-Header.h";
			};
			name = Release;
		};
		182D6E0B1D6AD25400CA4BDD /* Debug */ = {
			isa = XCBuildConfiguration;
			buildSettings = {
				BUNDLE_LOADER = "$(TEST_HOST)";
				INFOPLIST_FILE = MKwebCarTests/Info.plist;
				LD_RUNPATH_SEARCH_PATHS = "$(inherited) @executable_path/Frameworks @loader_path/Frameworks";
				PRODUCT_BUNDLE_IDENTIFIER = io.moyan.MKwebCarTests;
				PRODUCT_NAME = "$(TARGET_NAME)";
				TEST_HOST = "$(BUILT_PRODUCTS_DIR)/MKwebCar.app/MKwebCar";
			};
			name = Debug;
		};
		182D6E0C1D6AD25400CA4BDD /* Release */ = {
			isa = XCBuildConfiguration;
			buildSettings = {
				BUNDLE_LOADER = "$(TEST_HOST)";
				INFOPLIST_FILE = MKwebCarTests/Info.plist;
				LD_RUNPATH_SEARCH_PATHS = "$(inherited) @executable_path/Frameworks @loader_path/Frameworks";
				PRODUCT_BUNDLE_IDENTIFIER = io.moyan.MKwebCarTests;
				PRODUCT_NAME = "$(TARGET_NAME)";
				TEST_HOST = "$(BUILT_PRODUCTS_DIR)/MKwebCar.app/MKwebCar";
			};
			name = Release;
		};
		182D6E0E1D6AD25400CA4BDD /* Debug */ = {
			isa = XCBuildConfiguration;
			buildSettings = {
				INFOPLIST_FILE = MKwebCarUITests/Info.plist;
				LD_RUNPATH_SEARCH_PATHS = "$(inherited) @executable_path/Frameworks @loader_path/Frameworks";
				PRODUCT_BUNDLE_IDENTIFIER = io.moyan.MKwebCarUITests;
				PRODUCT_NAME = "$(TARGET_NAME)";
				TEST_TARGET_NAME = MKwebCar;
				USES_XCTRUNNER = YES;
			};
			name = Debug;
		};
		182D6E0F1D6AD25400CA4BDD /* Release */ = {
			isa = XCBuildConfiguration;
			buildSettings = {
				INFOPLIST_FILE = MKwebCarUITests/Info.plist;
				LD_RUNPATH_SEARCH_PATHS = "$(inherited) @executable_path/Frameworks @loader_path/Frameworks";
				PRODUCT_BUNDLE_IDENTIFIER = io.moyan.MKwebCarUITests;
				PRODUCT_NAME = "$(TARGET_NAME)";
				TEST_TARGET_NAME = MKwebCar;
				USES_XCTRUNNER = YES;
			};
			name = Release;
		};
/* End XCBuildConfiguration section */

/* Begin XCConfigurationList section */
		182D6DD21D6AD25400CA4BDD /* Build configuration list for PBXProject "MKwebCar" */ = {
			isa = XCConfigurationList;
			buildConfigurations = (
				182D6E051D6AD25400CA4BDD /* Debug */,
				182D6E061D6AD25400CA4BDD /* Release */,
			);
			defaultConfigurationIsVisible = 0;
			defaultConfigurationName = Release;
		};
		182D6E071D6AD25400CA4BDD /* Build configuration list for PBXNativeTarget "MKwebCar" */ = {
			isa = XCConfigurationList;
			buildConfigurations = (
				182D6E081D6AD25400CA4BDD /* Debug */,
				182D6E091D6AD25400CA4BDD /* Release */,
			);
			defaultConfigurationIsVisible = 0;
			defaultConfigurationName = Release;
		};
		182D6E0A1D6AD25400CA4BDD /* Build configuration list for PBXNativeTarget "MKwebCarTests" */ = {
			isa = XCConfigurationList;
			buildConfigurations = (
				182D6E0B1D6AD25400CA4BDD /* Debug */,
				182D6E0C1D6AD25400CA4BDD /* Release */,
			);
			defaultConfigurationIsVisible = 0;
			defaultConfigurationName = Release;
		};
		182D6E0D1D6AD25400CA4BDD /* Build configuration list for PBXNativeTarget "MKwebCarUITests" */ = {
			isa = XCConfigurationList;
			buildConfigurations = (
				182D6E0E1D6AD25400CA4BDD /* Debug */,
				182D6E0F1D6AD25400CA4BDD /* Release */,
			);
			defaultConfigurationIsVisible = 0;
			defaultConfigurationName = Release;
		};
/* End XCConfigurationList section */

/* Begin XCVersionGroup section */
		182D6DE61D6AD25400CA4BDD /* MKwebCar.xcdatamodeld */ = {
			isa = XCVersionGroup;
			children = (
				182D6DE71D6AD25400CA4BDD /* MKwebCar.xcdatamodel */,
			);
			currentVersion = 182D6DE71D6AD25400CA4BDD /* MKwebCar.xcdatamodel */;
			path = MKwebCar.xcdatamodeld;
			sourceTree = "<group>";
			versionGroupType = wrapper.xcdatamodel;
		};
/* End XCVersionGroup section */
	};
	rootObject = 182D6DCF1D6AD25400CA4BDD /* Project object */;
}
